
Microsoft Visual Studio Solution File, Format Version 12.00
# Visual Studio Version 17
VisualStudioVersion = 17.5.002.0
MinimumVisualStudioVersion = 10.0.40219.1
Project("{9A19103F-16F7-4668-BE54-9A1E7A4F7556}") = "reversRows", "reversRows.csproj", "{7B82C359-52F7-4E59-98DA-CC0D4814485F}"
EndProject
Global
	GlobalSection(SolutionConfigurationPlatforms) = preSolution
		Debug|Any CPU = Debug|Any CPU
		Release|Any CPU = Release|Any CPU
	EndGlobalSection
	GlobalSection(ProjectConfigurationPlatforms) = postSolution
		{7B82C359-52F7-4E59-98DA-CC0D4814485F}.Debug|Any CPU.ActiveCfg = Debug|Any CPU
		{7B82C359-52F7-4E59-98DA-CC0D4814485F}.Debug|Any CPU.Build.0 = Debug|Any CPU
		{7B82C359-52F7-4E59-98DA-CC0D4814485F}.Release|Any CPU.ActiveCfg = Release|Any CPU
		{7B82C359-52F7-4E59-98DA-CC0D4814485F}.Release|Any CPU.Build.0 = Release|Any CPU
	EndGlobalSection
	GlobalSection(SolutionProperties) = preSolution
		HideSolutionNode = FALSE
	EndGlobalSection
	GlobalSection(ExtensibilityGlobals) = postSolution
		SolutionGuid = {AA4AA14E-3573-46BE-8B97-045B2D405BC3}
	EndGlobalSection
EndGlobal
